
Microsoft Visual Studio Solution File, Format Version 12.00
# Visual Studio Version 17
VisualStudioVersion = 17.14.36717.8 d17.14
MinimumVisualStudioVersion = 10.0.40219.1
Project("{FAE04EC0-301F-11D3-BF4B-00C04F79EFBC}") = "MLflowClient", "MLflowClient\MLflowClient.csproj", "{743D0E09-8962-499F-BB98-0944C2F91F6C}"
EndProject
Global
	GlobalSection(SolutionConfigurationPlatforms) = preSolution
		Debug|Any CPU = Debug|Any CPU
		Release|Any CPU = Release|Any CPU
	EndGlobalSection
	GlobalSection(ProjectConfigurationPlatforms) = postSolution
		{743D0E09-8962-499F-BB98-0944C2F91F6C}.Debug|Any CPU.ActiveCfg = Debug|Any CPU
		{743D0E09-8962-499F-BB98-0944C2F91F6C}.Debug|Any CPU.Build.0 = Debug|Any CPU
		{743D0E09-8962-499F-BB98-0944C2F91F6C}.Release|Any CPU.ActiveCfg = Release|Any CPU
		{743D0E09-8962-499F-BB98-0944C2F91F6C}.Release|Any CPU.Build.0 = Release|Any CPU
	EndGlobalSection
	GlobalSection(SolutionProperties) = preSolution
		HideSolutionNode = FALSE
	EndGlobalSection
	GlobalSection(ExtensibilityGlobals) = postSolution
		SolutionGuid = {42223A01-228B-4498-841F-F5D598AA6AC2}
	EndGlobalSection
EndGlobal
